
Microsoft Visual Studio Solution File, Format Version 12.00
# Visual Studio Version 17
VisualStudioVersion = 17.11.35327.3
MinimumVisualStudioVersion = 10.0.40219.1
Project("{9A19103F-16F7-4668-BE54-9A1E7A4F7556}") = "sec4_controle", "sec4_controle.csproj", "{2C0A1A1F-A7D4-43AE-B0DE-B23DA854FC8B}"
EndProject
Global
	GlobalSection(SolutionConfigurationPlatforms) = preSolution
		Debug|Any CPU = Debug|Any CPU
		Debug|x64 = Debug|x64
		Release|Any CPU = Release|Any CPU
		Release|x64 = Release|x64
	EndGlobalSection
	GlobalSection(ProjectConfigurationPlatforms) = postSolution
		{2C0A1A1F-A7D4-43AE-B0DE-B23DA854FC8B}.Debug|Any CPU.ActiveCfg = Debug|Any CPU
		{2C0A1A1F-A7D4-43AE-B0DE-B23DA854FC8B}.Debug|Any CPU.Build.0 = Debug|Any CPU
		{2C0A1A1F-A7D4-43AE-B0DE-B23DA854FC8B}.Debug|Any CPU.Deploy.0 = Debug|Any CPU
		{2C0A1A1F-A7D4-43AE-B0DE-B23DA854FC8B}.Debug|x64.ActiveCfg = Debug|x64
		{2C0A1A1F-A7D4-43AE-B0DE-B23DA854FC8B}.Debug|x64.Build.0 = Debug|x64
		{2C0A1A1F-A7D4-43AE-B0DE-B23DA854FC8B}.Debug|x64.Deploy.0 = Debug|x64
		{2C0A1A1F-A7D4-43AE-B0DE-B23DA854FC8B}.Release|Any CPU.ActiveCfg = Release|Any CPU
		{2C0A1A1F-A7D4-43AE-B0DE-B23DA854FC8B}.Release|Any CPU.Build.0 = Release|Any CPU
		{2C0A1A1F-A7D4-43AE-B0DE-B23DA854FC8B}.Release|Any CPU.Deploy.0 = Release|Any CPU
		{2C0A1A1F-A7D4-43AE-B0DE-B23DA854FC8B}.Release|x64.ActiveCfg = Release|x64
		{2C0A1A1F-A7D4-43AE-B0DE-B23DA854FC8B}.Release|x64.Build.0 = Release|x64
		{2C0A1A1F-A7D4-43AE-B0DE-B23DA854FC8B}.Release|x64.Deploy.0 = Release|x64
	EndGlobalSection
	GlobalSection(SolutionProperties) = preSolution
		HideSolutionNode = FALSE
	EndGlobalSection
	GlobalSection(ExtensibilityGlobals) = postSolution
		SolutionGuid = {2C678208-848C-40BB-8209-F16B03B5FED4}
	EndGlobalSection
EndGlobal
